
Microsoft Visual Studio Solution File, Format Version 12.00
# Visual Studio Version 16
VisualStudioVersion = 16.0.29215.179
MinimumVisualStudioVersion = 10.0.40219.1
Project("{2150E333-8FDC-42A3-9474-1A3956D46DE8}") = "C++", "C++", "{79BC23F3-8F5D-4865-9FD1-A642F9BB1C0F}"
EndProject
Project("{2150E333-8FDC-42A3-9474-1A3956D46DE8}") = "Python", "Python", "{B7353459-FF6E-43AE-A393-407E2EBAA11A}"
EndProject
Project("{2150E333-8FDC-42A3-9474-1A3956D46DE8}") = "C++ Tests", "C++ Tests", "{304FAEA5-DD73-4881-81AB-ABEC5236A30D}"
EndProject
Project("{2150E333-8FDC-42A3-9474-1A3956D46DE8}") = "C++ Benchmarks", "C++ Benchmarks", "{38E8C746-62B8-4DC0-9F86-9742153678B4}"
EndProject
Project("{8BC9CEB8-8B4A-11D0-8D11-00A0C91BC942}") = "CoreBenchmark", "CoreBenchmark\CoreBenchmark.vcxproj", "{4194AD55-B56A-436E-BDBD-F6E5E8E7602B}"
EndProject
Project("{8BC9CEB8-8B4A-11D0-8D11-00A0C91BC942}") = "Core", "Core\Core.vcxproj", "{211813C1-1E2E-47ED-B1CB-8547349C7B3A}"
EndProject
Project("{8BC9CEB8-8B4A-11D0-8D11-00A0C91BC942}") = "Perft", "Perft\Perft.vcxproj", "{D33B85BB-24C3-4F9C-A26D-D77BFE0D3EAE}"
EndProject
Project("{8BC9CEB8-8B4A-11D0-8D11-00A0C91BC942}") = "IO", "IO\IO.vcxproj", "{5942BE07-41EF-4CF8-B990-978E7B63EF06}"
EndProject
Project("{888888A0-9F3D-457C-B088-3A5042F75D52}") = "PositionConverter", "PositionConverter\PositionConverter.pyproj", "{26D0C2E5-5CEA-49FA-999D-411F4316DB9D}"
EndProject
Project("{8BC9CEB8-8B4A-11D0-8D11-00A0C91BC942}") = "Pattern", "Pattern\Pattern.vcxproj", "{176FF1EA-BAA3-4668-917C-0E8AEE2C8CEF}"
EndProject
Project("{2150E333-8FDC-42A3-9474-1A3956D46DE8}") = "libs", "libs", "{66D80B49-9FDB-4F1A-B05B-3F67C3730E1E}"
EndProject
Project("{2150E333-8FDC-42A3-9474-1A3956D46DE8}") = "apps", "apps", "{1A1A5B15-F1B3-4FF7-98F7-035A4D028C14}"
EndProject
Project("{8BC9CEB8-8B4A-11D0-8D11-00A0C91BC942}") = "CoreTest", "CoreTest\CoreTest.vcxproj", "{012A19AF-6842-42A7-8E6D-256EE06B1E36}"
EndProject
Project("{8BC9CEB8-8B4A-11D0-8D11-00A0C91BC942}") = "PatternTest", "PatternTest\PatternTest.vcxproj", "{AEEAD833-27DC-4556-99B8-70542551304D}"
EndProject
Project("{8BC9CEB8-8B4A-11D0-8D11-00A0C91BC942}") = "Solver", "Solver\Solver.vcxproj", "{A12EC4F8-A856-42AB-A161-748B365E783E}"
EndProject
Project("{8BC9CEB8-8B4A-11D0-8D11-00A0C91BC942}") = "Math", "Math\Math.vcxproj", "{B07CDFFE-A2A7-4A06-AE85-C6E8D82528B4}"
EndProject
Project("{8BC9CEB8-8B4A-11D0-8D11-00A0C91BC942}") = "MathTest", "MathTest\MathTest.vcxproj", "{C188D4BE-4869-4B98-8A95-CA890FAC5093}"
EndProject
Project("{888888A0-9F3D-457C-B088-3A5042F75D52}") = "Heatmap", "Heatmap\Heatmap.pyproj", "{CCA5C499-6F54-447C-8C4C-9D8492E65197}"
EndProject
Project("{888888A0-9F3D-457C-B088-3A5042F75D52}") = "Browser", "Browser\Browser.pyproj", "{BA12A22C-625A-42B9-A479-9859898BC293}"
EndProject
Project("{8BC9CEB8-8B4A-11D0-8D11-00A0C91BC942}") = "DbConverter", "DbConverter\DbConverter.vcxproj", "{C423722C-9628-452B-BC2E-311E70830878}"
EndProject
Project("{888888A0-9F3D-457C-B088-3A5042F75D52}") = "NeuralNetwork", "NeuralNetwork\NeuralNetwork.pyproj", "{9A0A42FC-1717-49F9-A5F3-A428DD0373DE}"
EndProject
Project("{8BC9CEB8-8B4A-11D0-8D11-00A0C91BC942}") = "Search", "Search\Search.vcxproj", "{EB2F9F10-AA8D-4693-8944-FA403D507B08}"
EndProject
Project("{8BC9CEB8-8B4A-11D0-8D11-00A0C91BC942}") = "SearchTest", "SearchTest\SearchTest.vcxproj", "{E59FAF92-9AE3-4AD1-9315-33EA15F22A0D}"
EndProject
Project("{8BC9CEB8-8B4A-11D0-8D11-00A0C91BC942}") = "SearchBenchmark", "SearchBenchmark\SearchBenchmark.vcxproj", "{C99CD957-BF6D-46CA-B247-939BA491CCFA}"
EndProject
Project("{8BC9CEB8-8B4A-11D0-8D11-00A0C91BC942}") = "GeneticPatternOptimizer", "GeneticPatternOptimizer\GeneticPatternOptimizer.vcxproj", "{2876F88F-404A-4F17-BD41-1F18D7E55E4F}"
EndProject
Project("{8BC9CEB8-8B4A-11D0-8D11-00A0C91BC942}") = "PerftCuda", "PerftCuda\PerftCuda.vcxproj", "{A6D7EE3C-234B-46AB-B963-DAEDEB80E266}"
EndProject
Project("{8BC9CEB8-8B4A-11D0-8D11-00A0C91BC942}") = "OEIS", "OEIS\OEIS.vcxproj", "{EAB4A0F5-AB0B-41CC-B915-27B409138B59}"
EndProject
Project("{8BC9CEB8-8B4A-11D0-8D11-00A0C91BC942}") = "IoTest", "IoTest\IoTest.vcxproj", "{04EE483A-077D-4F39-8E59-592E33325E2E}"
EndProject
Project("{8BC9CEB8-8B4A-11D0-8D11-00A0C91BC942}") = "PatternFit", "PatternFit\PatternFit.vcxproj", "{6B3035A6-8142-4EFC-B137-B8857A299D59}"
EndProject
Project("{8BC9CEB8-8B4A-11D0-8D11-00A0C91BC942}") = "MathBenchmark", "MathBenchmark\MathBenchmark.vcxproj", "{3404E1BC-EEA0-4E5A-8424-C2D2DBC18458}"
EndProject
Project("{8BC9CEB8-8B4A-11D0-8D11-00A0C91BC942}") = "AlphaZero", "AlphaZero\AlphaZero.vcxproj", "{0EB50591-7CF2-4169-A80F-C72F742D724F}"
EndProject
Project("{8BC9CEB8-8B4A-11D0-8D11-00A0C91BC942}") = "CoreIO", "CoreIO\CoreIO.vcxproj", "{E694A211-602C-44ED-83BB-51579CFFEAEF}"
EndProject
Project("{8BC9CEB8-8B4A-11D0-8D11-00A0C91BC942}") = "SearchIO", "SearchIO\SearchIO.vcxproj", "{47B2CD6E-FC2F-4830-A279-9185AB122546}"
EndProject
Project("{2150E333-8FDC-42A3-9474-1A3956D46DE8}") = "Cores", "Cores", "{D87BCAEE-32F5-4DA5-A52A-168A22F6CC12}"
EndProject
Project("{2150E333-8FDC-42A3-9474-1A3956D46DE8}") = "IOs", "IOs", "{B1370495-1197-4456-AAD5-0F918B4A0BB4}"
EndProject
Project("{2150E333-8FDC-42A3-9474-1A3956D46DE8}") = "Maths", "Maths", "{6A0CE423-002C-4172-89CD-B2E8C2AE7354}"
EndProject
Project("{8BC9CEB8-8B4A-11D0-8D11-00A0C91BC942}") = "CoreIOTest", "CoreIOTest\CoreIOTest.vcxproj", "{CB9001D4-7D4E-4A36-8655-077352AC9E64}"
EndProject
Project("{2150E333-8FDC-42A3-9474-1A3956D46DE8}") = "Games", "Games", "{9E03BDAB-C61A-4861-9C03-9D1D989B600E}"
EndProject
Project("{8BC9CEB8-8B4A-11D0-8D11-00A0C91BC942}") = "SearchIOTest", "SearchIOTest\SearchIOTest.vcxproj", "{81F0BFA4-DE48-4BD5-BD92-1CF83579C423}"
EndProject
Project("{2150E333-8FDC-42A3-9474-1A3956D46DE8}") = "Searches", "Searches", "{946492E9-5DA2-451C-A853-A6F7A0FDEE89}"
EndProject
Project("{2150E333-8FDC-42A3-9474-1A3956D46DE8}") = "Patterns", "Patterns", "{D125C1CA-1262-468D-8F34-74D04A1F881C}"
EndProject
Project("{8BC9CEB8-8B4A-11D0-8D11-00A0C91BC942}") = "PatternIO", "PatternIO\PatternIO.vcxproj", "{FA291AAC-324C-4273-8FEB-96C25D1C2E04}"
EndProject
Project("{8BC9CEB8-8B4A-11D0-8D11-00A0C91BC942}") = "PatternBenchmark", "PatternBenchmark\PatternBenchmark.vcxproj", "{C05CB21D-E012-40D7-A494-9F2A5C67742E}"
EndProject
Project("{8BC9CEB8-8B4A-11D0-8D11-00A0C91BC942}") = "Game", "Game\Game.vcxproj", "{F45DE7D4-6B31-4633-8B1B-BC05F0662BCB}"
EndProject
Project("{8BC9CEB8-8B4A-11D0-8D11-00A0C91BC942}") = "GameIO", "GameIO\GameIO.vcxproj", "{55A6EB38-4C61-4238-9FF9-8E3ED2EDA321}"
EndProject
Project("{8BC9CEB8-8B4A-11D0-8D11-00A0C91BC942}") = "GameTest", "GameTest\GameTest.vcxproj", "{D735C26E-96C6-43CD-BE8D-A8FA42F60AFF}"
EndProject
Project("{8BC9CEB8-8B4A-11D0-8D11-00A0C91BC942}") = "GameBenchmark", "GameBenchmark\GameBenchmark.vcxproj", "{4EE9F391-26E7-4123-A67F-C66E3FE4717D}"
EndProject
Project("{8BC9CEB8-8B4A-11D0-8D11-00A0C91BC942}") = "MoveSortOptimizer", "MoveSortOptimizer\MoveSortOptimizer.vcxproj", "{895E1B90-08DE-4424-B149-E5FB59756401}"
EndProject
Project("{888888A0-9F3D-457C-B088-3A5042F75D52}") = "SelfPlayEdax", "SelfPlayEdax\SelfPlayEdax.pyproj", "{CAD48711-5E1D-452F-8529-D25CDB4BAB43}"
EndProject
Global
	GlobalSection(SolutionConfigurationPlatforms) = preSolution
		Debug|Any CPU = Debug|Any CPU
		Debug|x64 = Debug|x64
		Debug|x86 = Debug|x86
		Release|Any CPU = Release|Any CPU
		Release|x64 = Release|x64
		Release|x86 = Release|x86
	EndGlobalSection
	GlobalSection(ProjectConfigurationPlatforms) = postSolution
		{4194AD55-B56A-436E-BDBD-F6E5E8E7602B}.Debug|Any CPU.ActiveCfg = Debug|x64
		{4194AD55-B56A-436E-BDBD-F6E5E8E7602B}.Debug|x64.ActiveCfg = Debug|x64
		{4194AD55-B56A-436E-BDBD-F6E5E8E7602B}.Debug|x64.Build.0 = Debug|x64
		{4194AD55-B56A-436E-BDBD-F6E5E8E7602B}.Debug|x86.ActiveCfg = Debug|x64
		{4194AD55-B56A-436E-BDBD-F6E5E8E7602B}.Release|Any CPU.ActiveCfg = Release|x64
		{4194AD55-B56A-436E-BDBD-F6E5E8E7602B}.Release|x64.ActiveCfg = Release|x64
		{4194AD55-B56A-436E-BDBD-F6E5E8E7602B}.Release|x64.Build.0 = Release|x64
		{4194AD55-B56A-436E-BDBD-F6E5E8E7602B}.Release|x86.ActiveCfg = Release|x64
		{211813C1-1E2E-47ED-B1CB-8547349C7B3A}.Debug|Any CPU.ActiveCfg = Debug|x64
		{211813C1-1E2E-47ED-B1CB-8547349C7B3A}.Debug|x64.ActiveCfg = Debug|x64
		{211813C1-1E2E-47ED-B1CB-8547349C7B3A}.Debug|x64.Build.0 = Debug|x64
		{211813C1-1E2E-47ED-B1CB-8547349C7B3A}.Debug|x86.ActiveCfg = Debug|x64
		{211813C1-1E2E-47ED-B1CB-8547349C7B3A}.Release|Any CPU.ActiveCfg = Release|x64
		{211813C1-1E2E-47ED-B1CB-8547349C7B3A}.Release|x64.ActiveCfg = Release|x64
		{211813C1-1E2E-47ED-B1CB-8547349C7B3A}.Release|x64.Build.0 = Release|x64
		{211813C1-1E2E-47ED-B1CB-8547349C7B3A}.Release|x86.ActiveCfg = Release|x64
		{D33B85BB-24C3-4F9C-A26D-D77BFE0D3EAE}.Debug|Any CPU.ActiveCfg = Debug|x64
		{D33B85BB-24C3-4F9C-A26D-D77BFE0D3EAE}.Debug|x64.ActiveCfg = Debug|x64
		{D33B85BB-24C3-4F9C-A26D-D77BFE0D3EAE}.Debug|x64.Build.0 = Debug|x64
		{D33B85BB-24C3-4F9C-A26D-D77BFE0D3EAE}.Debug|x86.ActiveCfg = Debug|x64
		{D33B85BB-24C3-4F9C-A26D-D77BFE0D3EAE}.Release|Any CPU.ActiveCfg = Release|x64
		{D33B85BB-24C3-4F9C-A26D-D77BFE0D3EAE}.Release|x64.ActiveCfg = Release|x64
		{D33B85BB-24C3-4F9C-A26D-D77BFE0D3EAE}.Release|x64.Build.0 = Release|x64
		{D33B85BB-24C3-4F9C-A26D-D77BFE0D3EAE}.Release|x86.ActiveCfg = Release|x64
		{5942BE07-41EF-4CF8-B990-978E7B63EF06}.Debug|Any CPU.ActiveCfg = Debug|x64
		{5942BE07-41EF-4CF8-B990-978E7B63EF06}.Debug|x64.ActiveCfg = Debug|x64
		{5942BE07-41EF-4CF8-B990-978E7B63EF06}.Debug|x64.Build.0 = Debug|x64
		{5942BE07-41EF-4CF8-B990-978E7B63EF06}.Debug|x86.ActiveCfg = Debug|x64
		{5942BE07-41EF-4CF8-B990-978E7B63EF06}.Release|Any CPU.ActiveCfg = Release|x64
		{5942BE07-41EF-4CF8-B990-978E7B63EF06}.Release|x64.ActiveCfg = Release|x64
		{5942BE07-41EF-4CF8-B990-978E7B63EF06}.Release|x64.Build.0 = Release|x64
		{5942BE07-41EF-4CF8-B990-978E7B63EF06}.Release|x86.ActiveCfg = Release|x64
		{26D0C2E5-5CEA-49FA-999D-411F4316DB9D}.Debug|Any CPU.ActiveCfg = Debug|Any CPU
		{26D0C2E5-5CEA-49FA-999D-411F4316DB9D}.Debug|x64.ActiveCfg = Debug|Any CPU
		{26D0C2E5-5CEA-49FA-999D-411F4316DB9D}.Debug|x86.ActiveCfg = Debug|Any CPU
		{26D0C2E5-5CEA-49FA-999D-411F4316DB9D}.Release|Any CPU.ActiveCfg = Release|Any CPU
		{26D0C2E5-5CEA-49FA-999D-411F4316DB9D}.Release|x64.ActiveCfg = Release|Any CPU
		{26D0C2E5-5CEA-49FA-999D-411F4316DB9D}.Release|x86.ActiveCfg = Release|Any CPU
		{176FF1EA-BAA3-4668-917C-0E8AEE2C8CEF}.Debug|Any CPU.ActiveCfg = Debug|x64
		{176FF1EA-BAA3-4668-917C-0E8AEE2C8CEF}.Debug|x64.ActiveCfg = Debug|x64
		{176FF1EA-BAA3-4668-917C-0E8AEE2C8CEF}.Debug|x64.Build.0 = Debug|x64
		{176FF1EA-BAA3-4668-917C-0E8AEE2C8CEF}.Debug|x86.ActiveCfg = Debug|x64
		{176FF1EA-BAA3-4668-917C-0E8AEE2C8CEF}.Release|Any CPU.ActiveCfg = Release|x64
		{176FF1EA-BAA3-4668-917C-0E8AEE2C8CEF}.Release|x64.ActiveCfg = Release|x64
		{176FF1EA-BAA3-4668-917C-0E8AEE2C8CEF}.Release|x64.Build.0 = Release|x64
		{176FF1EA-BAA3-4668-917C-0E8AEE2C8CEF}.Release|x86.ActiveCfg = Release|x64
		{012A19AF-6842-42A7-8E6D-256EE06B1E36}.Debug|Any CPU.ActiveCfg = Debug|x64
		{012A19AF-6842-42A7-8E6D-256EE06B1E36}.Debug|x64.ActiveCfg = Debug|x64
		{012A19AF-6842-42A7-8E6D-256EE06B1E36}.Debug|x64.Build.0 = Debug|x64
		{012A19AF-6842-42A7-8E6D-256EE06B1E36}.Debug|x86.ActiveCfg = Debug|x64
		{012A19AF-6842-42A7-8E6D-256EE06B1E36}.Release|Any CPU.ActiveCfg = Release|x64
		{012A19AF-6842-42A7-8E6D-256EE06B1E36}.Release|x64.ActiveCfg = Release|x64
		{012A19AF-6842-42A7-8E6D-256EE06B1E36}.Release|x64.Build.0 = Release|x64
		{012A19AF-6842-42A7-8E6D-256EE06B1E36}.Release|x86.ActiveCfg = Release|x64
		{AEEAD833-27DC-4556-99B8-70542551304D}.Debug|Any CPU.ActiveCfg = Debug|x64
		{AEEAD833-27DC-4556-99B8-70542551304D}.Debug|x64.ActiveCfg = Debug|x64
		{AEEAD833-27DC-4556-99B8-70542551304D}.Debug|x64.Build.0 = Debug|x64
		{AEEAD833-27DC-4556-99B8-70542551304D}.Debug|x86.ActiveCfg = Debug|x64
		{AEEAD833-27DC-4556-99B8-70542551304D}.Release|Any CPU.ActiveCfg = Release|x64
		{AEEAD833-27DC-4556-99B8-70542551304D}.Release|x64.ActiveCfg = Release|x64
		{AEEAD833-27DC-4556-99B8-70542551304D}.Release|x64.Build.0 = Release|x64
		{AEEAD833-27DC-4556-99B8-70542551304D}.Release|x86.ActiveCfg = Release|x64
		{A12EC4F8-A856-42AB-A161-748B365E783E}.Debug|Any CPU.ActiveCfg = Debug|x64
		{A12EC4F8-A856-42AB-A161-748B365E783E}.Debug|x64.ActiveCfg = Debug|x64
		{A12EC4F8-A856-42AB-A161-748B365E783E}.Debug|x64.Build.0 = Debug|x64
		{A12EC4F8-A856-42AB-A161-748B365E783E}.Debug|x86.ActiveCfg = Debug|x64
		{A12EC4F8-A856-42AB-A161-748B365E783E}.Release|Any CPU.ActiveCfg = Release|x64
		{A12EC4F8-A856-42AB-A161-748B365E783E}.Release|x64.ActiveCfg = Release|x64
		{A12EC4F8-A856-42AB-A161-748B365E783E}.Release|x64.Build.0 = Release|x64
		{A12EC4F8-A856-42AB-A161-748B365E783E}.Release|x86.ActiveCfg = Release|x64
		{B07CDFFE-A2A7-4A06-AE85-C6E8D82528B4}.Debug|Any CPU.ActiveCfg = Debug|x64
		{B07CDFFE-A2A7-4A06-AE85-C6E8D82528B4}.Debug|x64.ActiveCfg = Debug|x64
		{B07CDFFE-A2A7-4A06-AE85-C6E8D82528B4}.Debug|x64.Build.0 = Debug|x64
		{B07CDFFE-A2A7-4A06-AE85-C6E8D82528B4}.Debug|x86.ActiveCfg = Debug|x64
		{B07CDFFE-A2A7-4A06-AE85-C6E8D82528B4}.Release|Any CPU.ActiveCfg = Release|x64
		{B07CDFFE-A2A7-4A06-AE85-C6E8D82528B4}.Release|x64.ActiveCfg = Release|x64
		{B07CDFFE-A2A7-4A06-AE85-C6E8D82528B4}.Release|x64.Build.0 = Release|x64
		{B07CDFFE-A2A7-4A06-AE85-C6E8D82528B4}.Release|x86.ActiveCfg = Release|x64
		{C188D4BE-4869-4B98-8A95-CA890FAC5093}.Debug|Any CPU.ActiveCfg = Debug|x64
		{C188D4BE-4869-4B98-8A95-CA890FAC5093}.Debug|x64.ActiveCfg = Debug|x64
		{C188D4BE-4869-4B98-8A95-CA890FAC5093}.Debug|x64.Build.0 = Debug|x64
		{C188D4BE-4869-4B98-8A95-CA890FAC5093}.Debug|x86.ActiveCfg = Debug|x64
		{C188D4BE-4869-4B98-8A95-CA890FAC5093}.Release|Any CPU.ActiveCfg = Release|x64
		{C188D4BE-4869-4B98-8A95-CA890FAC5093}.Release|x64.ActiveCfg = Release|x64
		{C188D4BE-4869-4B98-8A95-CA890FAC5093}.Release|x64.Build.0 = Release|x64
		{C188D4BE-4869-4B98-8A95-CA890FAC5093}.Release|x86.ActiveCfg = Release|x64
		{CCA5C499-6F54-447C-8C4C-9D8492E65197}.Debug|Any CPU.ActiveCfg = Debug|Any CPU
		{CCA5C499-6F54-447C-8C4C-9D8492E65197}.Debug|x64.ActiveCfg = Debug|Any CPU
		{CCA5C499-6F54-447C-8C4C-9D8492E65197}.Debug|x86.ActiveCfg = Debug|Any CPU
		{CCA5C499-6F54-447C-8C4C-9D8492E65197}.Release|Any CPU.ActiveCfg = Release|Any CPU
		{CCA5C499-6F54-447C-8C4C-9D8492E65197}.Release|x64.ActiveCfg = Release|Any CPU
		{CCA5C499-6F54-447C-8C4C-9D8492E65197}.Release|x86.ActiveCfg = Release|Any CPU
		{BA12A22C-625A-42B9-A479-9859898BC293}.Debug|Any CPU.ActiveCfg = Debug|Any CPU
		{BA12A22C-625A-42B9-A479-9859898BC293}.Debug|x64.ActiveCfg = Debug|Any CPU
		{BA12A22C-625A-42B9-A479-9859898BC293}.Debug|x86.ActiveCfg = Debug|Any CPU
		{BA12A22C-625A-42B9-A479-9859898BC293}.Release|Any CPU.ActiveCfg = Release|Any CPU
		{BA12A22C-625A-42B9-A479-9859898BC293}.Release|x64.ActiveCfg = Release|Any CPU
		{BA12A22C-625A-42B9-A479-9859898BC293}.Release|x86.ActiveCfg = Release|Any CPU
		{C423722C-9628-452B-BC2E-311E70830878}.Debug|Any CPU.ActiveCfg = Debug|x64
		{C423722C-9628-452B-BC2E-311E70830878}.Debug|x64.ActiveCfg = Debug|x64
		{C423722C-9628-452B-BC2E-311E70830878}.Debug|x64.Build.0 = Debug|x64
		{C423722C-9628-452B-BC2E-311E70830878}.Debug|x86.ActiveCfg = Debug|x64
		{C423722C-9628-452B-BC2E-311E70830878}.Release|Any CPU.ActiveCfg = Release|x64
		{C423722C-9628-452B-BC2E-311E70830878}.Release|x64.ActiveCfg = Release|x64
		{C423722C-9628-452B-BC2E-311E70830878}.Release|x64.Build.0 = Release|x64
		{C423722C-9628-452B-BC2E-311E70830878}.Release|x86.ActiveCfg = Release|x64
		{9A0A42FC-1717-49F9-A5F3-A428DD0373DE}.Debug|Any CPU.ActiveCfg = Debug|Any CPU
		{9A0A42FC-1717-49F9-A5F3-A428DD0373DE}.Debug|x64.ActiveCfg = Debug|Any CPU
		{9A0A42FC-1717-49F9-A5F3-A428DD0373DE}.Debug|x86.ActiveCfg = Debug|Any CPU
		{9A0A42FC-1717-49F9-A5F3-A428DD0373DE}.Release|Any CPU.ActiveCfg = Release|Any CPU
		{9A0A42FC-1717-49F9-A5F3-A428DD0373DE}.Release|x64.ActiveCfg = Release|Any CPU
		{9A0A42FC-1717-49F9-A5F3-A428DD0373DE}.Release|x86.ActiveCfg = Release|Any CPU
		{EB2F9F10-AA8D-4693-8944-FA403D507B08}.Debug|Any CPU.ActiveCfg = Debug|x64
		{EB2F9F10-AA8D-4693-8944-FA403D507B08}.Debug|x64.ActiveCfg = Debug|x64
		{EB2F9F10-AA8D-4693-8944-FA403D507B08}.Debug|x64.Build.0 = Debug|x64
		{EB2F9F10-AA8D-4693-8944-FA403D507B08}.Debug|x86.ActiveCfg = Debug|x64
		{EB2F9F10-AA8D-4693-8944-FA403D507B08}.Release|Any CPU.ActiveCfg = Release|x64
		{EB2F9F10-AA8D-4693-8944-FA403D507B08}.Release|x64.ActiveCfg = Release|x64
		{EB2F9F10-AA8D-4693-8944-FA403D507B08}.Release|x64.Build.0 = Release|x64
		{EB2F9F10-AA8D-4693-8944-FA403D507B08}.Release|x86.ActiveCfg = Release|x64
		{E59FAF92-9AE3-4AD1-9315-33EA15F22A0D}.Debug|Any CPU.ActiveCfg = Debug|x64
		{E59FAF92-9AE3-4AD1-9315-33EA15F22A0D}.Debug|x64.ActiveCfg = Debug|x64
		{E59FAF92-9AE3-4AD1-9315-33EA15F22A0D}.Debug|x64.Build.0 = Debug|x64
		{E59FAF92-9AE3-4AD1-9315-33EA15F22A0D}.Debug|x86.ActiveCfg = Debug|x64
		{E59FAF92-9AE3-4AD1-9315-33EA15F22A0D}.Release|Any CPU.ActiveCfg = Release|x64
		{E59FAF92-9AE3-4AD1-9315-33EA15F22A0D}.Release|x64.ActiveCfg = Release|x64
		{E59FAF92-9AE3-4AD1-9315-33EA15F22A0D}.Release|x64.Build.0 = Release|x64
		{E59FAF92-9AE3-4AD1-9315-33EA15F22A0D}.Release|x86.ActiveCfg = Release|x64
		{C99CD957-BF6D-46CA-B247-939BA491CCFA}.Debug|Any CPU.ActiveCfg = Debug|x64
		{C99CD957-BF6D-46CA-B247-939BA491CCFA}.Debug|x64.ActiveCfg = Debug|x64
		{C99CD957-BF6D-46CA-B247-939BA491CCFA}.Debug|x64.Build.0 = Debug|x64
		{C99CD957-BF6D-46CA-B247-939BA491CCFA}.Debug|x86.ActiveCfg = Debug|x64
		{C99CD957-BF6D-46CA-B247-939BA491CCFA}.Release|Any CPU.ActiveCfg = Release|x64
		{C99CD957-BF6D-46CA-B247-939BA491CCFA}.Release|x64.ActiveCfg = Release|x64
		{C99CD957-BF6D-46CA-B247-939BA491CCFA}.Release|x64.Build.0 = Release|x64
		{C99CD957-BF6D-46CA-B247-939BA491CCFA}.Release|x86.ActiveCfg = Release|x64
		{2876F88F-404A-4F17-BD41-1F18D7E55E4F}.Debug|Any CPU.ActiveCfg = Debug|x64
		{2876F88F-404A-4F17-BD41-1F18D7E55E4F}.Debug|x64.ActiveCfg = Debug|x64
		{2876F88F-404A-4F17-BD41-1F18D7E55E4F}.Debug|x64.Build.0 = Debug|x64
		{2876F88F-404A-4F17-BD41-1F18D7E55E4F}.Debug|x86.ActiveCfg = Debug|x64
		{2876F88F-404A-4F17-BD41-1F18D7E55E4F}.Release|Any CPU.ActiveCfg = Release|x64
		{2876F88F-404A-4F17-BD41-1F18D7E55E4F}.Release|x64.ActiveCfg = Release|x64
		{2876F88F-404A-4F17-BD41-1F18D7E55E4F}.Release|x64.Build.0 = Release|x64
		{2876F88F-404A-4F17-BD41-1F18D7E55E4F}.Release|x86.ActiveCfg = Release|x64
		{A6D7EE3C-234B-46AB-B963-DAEDEB80E266}.Debug|Any CPU.ActiveCfg = Debug|x64
		{A6D7EE3C-234B-46AB-B963-DAEDEB80E266}.Debug|x64.ActiveCfg = Debug|x64
		{A6D7EE3C-234B-46AB-B963-DAEDEB80E266}.Debug|x64.Build.0 = Debug|x64
		{A6D7EE3C-234B-46AB-B963-DAEDEB80E266}.Debug|x86.ActiveCfg = Debug|x64
		{A6D7EE3C-234B-46AB-B963-DAEDEB80E266}.Release|Any CPU.ActiveCfg = Release|x64
		{A6D7EE3C-234B-46AB-B963-DAEDEB80E266}.Release|x64.ActiveCfg = Release|x64
		{A6D7EE3C-234B-46AB-B963-DAEDEB80E266}.Release|x64.Build.0 = Release|x64
		{A6D7EE3C-234B-46AB-B963-DAEDEB80E266}.Release|x86.ActiveCfg = Release|x64
		{EAB4A0F5-AB0B-41CC-B915-27B409138B59}.Debug|Any CPU.ActiveCfg = Debug|x64
		{EAB4A0F5-AB0B-41CC-B915-27B409138B59}.Debug|x64.ActiveCfg = Debug|x64
		{EAB4A0F5-AB0B-41CC-B915-27B409138B59}.Debug|x64.Build.0 = Debug|x64
		{EAB4A0F5-AB0B-41CC-B915-27B409138B59}.Debug|x86.ActiveCfg = Debug|x64
		{EAB4A0F5-AB0B-41CC-B915-27B409138B59}.Release|Any CPU.ActiveCfg = Release|x64
		{EAB4A0F5-AB0B-41CC-B915-27B409138B59}.Release|x64.ActiveCfg = Release|x64
		{EAB4A0F5-AB0B-41CC-B915-27B409138B59}.Release|x64.Build.0 = Release|x64
		{EAB4A0F5-AB0B-41CC-B915-27B409138B59}.Release|x86.ActiveCfg = Release|x64
		{04EE483A-077D-4F39-8E59-592E33325E2E}.Debug|Any CPU.ActiveCfg = Debug|x64
		{04EE483A-077D-4F39-8E59-592E33325E2E}.Debug|x64.ActiveCfg = Debug|x64
		{04EE483A-077D-4F39-8E59-592E33325E2E}.Debug|x64.Build.0 = Debug|x64
		{04EE483A-077D-4F39-8E59-592E33325E2E}.Debug|x86.ActiveCfg = Debug|x64
		{04EE483A-077D-4F39-8E59-592E33325E2E}.Release|Any CPU.ActiveCfg = Release|x64
		{04EE483A-077D-4F39-8E59-592E33325E2E}.Release|x64.ActiveCfg = Release|x64
		{04EE483A-077D-4F39-8E59-592E33325E2E}.Release|x64.Build.0 = Release|x64
		{04EE483A-077D-4F39-8E59-592E33325E2E}.Release|x86.ActiveCfg = Release|x64
		{6B3035A6-8142-4EFC-B137-B8857A299D59}.Debug|Any CPU.ActiveCfg = Debug|x64
		{6B3035A6-8142-4EFC-B137-B8857A299D59}.Debug|x64.ActiveCfg = Debug|x64
		{6B3035A6-8142-4EFC-B137-B8857A299D59}.Debug|x64.Build.0 = Debug|x64
		{6B3035A6-8142-4EFC-B137-B8857A299D59}.Debug|x86.ActiveCfg = Debug|x64
		{6B3035A6-8142-4EFC-B137-B8857A299D59}.Release|Any CPU.ActiveCfg = Release|x64
		{6B3035A6-8142-4EFC-B137-B8857A299D59}.Release|x64.ActiveCfg = Release|x64
		{6B3035A6-8142-4EFC-B137-B8857A299D59}.Release|x64.Build.0 = Release|x64
		{6B3035A6-8142-4EFC-B137-B8857A299D59}.Release|x86.ActiveCfg = Release|x64
		{3404E1BC-EEA0-4E5A-8424-C2D2DBC18458}.Debug|Any CPU.ActiveCfg = Debug|x64
		{3404E1BC-EEA0-4E5A-8424-C2D2DBC18458}.Debug|x64.ActiveCfg = Debug|x64
		{3404E1BC-EEA0-4E5A-8424-C2D2DBC18458}.Debug|x64.Build.0 = Debug|x64
		{3404E1BC-EEA0-4E5A-8424-C2D2DBC18458}.Debug|x86.ActiveCfg = Debug|x64
		{3404E1BC-EEA0-4E5A-8424-C2D2DBC18458}.Release|Any CPU.ActiveCfg = Release|x64
		{3404E1BC-EEA0-4E5A-8424-C2D2DBC18458}.Release|x64.ActiveCfg = Release|x64
		{3404E1BC-EEA0-4E5A-8424-C2D2DBC18458}.Release|x64.Build.0 = Release|x64
		{3404E1BC-EEA0-4E5A-8424-C2D2DBC18458}.Release|x86.ActiveCfg = Release|x64
		{0EB50591-7CF2-4169-A80F-C72F742D724F}.Debug|Any CPU.ActiveCfg = Debug|x64
		{0EB50591-7CF2-4169-A80F-C72F742D724F}.Debug|x64.ActiveCfg = Debug|x64
		{0EB50591-7CF2-4169-A80F-C72F742D724F}.Debug|x64.Build.0 = Debug|x64
		{0EB50591-7CF2-4169-A80F-C72F742D724F}.Debug|x86.ActiveCfg = Debug|x64
		{0EB50591-7CF2-4169-A80F-C72F742D724F}.Release|Any CPU.ActiveCfg = Release|x64
		{0EB50591-7CF2-4169-A80F-C72F742D724F}.Release|x64.ActiveCfg = Release|x64
		{0EB50591-7CF2-4169-A80F-C72F742D724F}.Release|x64.Build.0 = Release|x64
		{0EB50591-7CF2-4169-A80F-C72F742D724F}.Release|x86.ActiveCfg = Release|x64
		{E694A211-602C-44ED-83BB-51579CFFEAEF}.Debug|Any CPU.ActiveCfg = Debug|x64
		{E694A211-602C-44ED-83BB-51579CFFEAEF}.Debug|x64.ActiveCfg = Debug|x64
		{E694A211-602C-44ED-83BB-51579CFFEAEF}.Debug|x64.Build.0 = Debug|x64
		{E694A211-602C-44ED-83BB-51579CFFEAEF}.Debug|x86.ActiveCfg = Debug|x64
		{E694A211-602C-44ED-83BB-51579CFFEAEF}.Release|Any CPU.ActiveCfg = Release|x64
		{E694A211-602C-44ED-83BB-51579CFFEAEF}.Release|x64.ActiveCfg = Release|x64
		{E694A211-602C-44ED-83BB-51579CFFEAEF}.Release|x64.Build.0 = Release|x64
		{E694A211-602C-44ED-83BB-51579CFFEAEF}.Release|x86.ActiveCfg = Release|x64
		{47B2CD6E-FC2F-4830-A279-9185AB122546}.Debug|Any CPU.ActiveCfg = Debug|x64
		{47B2CD6E-FC2F-4830-A279-9185AB122546}.Debug|x64.ActiveCfg = Debug|x64
		{47B2CD6E-FC2F-4830-A279-9185AB122546}.Debug|x64.Build.0 = Debug|x64
		{47B2CD6E-FC2F-4830-A279-9185AB122546}.Debug|x86.ActiveCfg = Debug|x64
		{47B2CD6E-FC2F-4830-A279-9185AB122546}.Release|Any CPU.ActiveCfg = Release|x64
		{47B2CD6E-FC2F-4830-A279-9185AB122546}.Release|x64.ActiveCfg = Release|x64
		{47B2CD6E-FC2F-4830-A279-9185AB122546}.Release|x64.Build.0 = Release|x64
		{47B2CD6E-FC2F-4830-A279-9185AB122546}.Release|x86.ActiveCfg = Release|x64
		{CB9001D4-7D4E-4A36-8655-077352AC9E64}.Debug|Any CPU.ActiveCfg = Debug|x64
		{CB9001D4-7D4E-4A36-8655-077352AC9E64}.Debug|x64.ActiveCfg = Debug|x64
		{CB9001D4-7D4E-4A36-8655-077352AC9E64}.Debug|x64.Build.0 = Debug|x64
		{CB9001D4-7D4E-4A36-8655-077352AC9E64}.Debug|x86.ActiveCfg = Debug|x64
		{CB9001D4-7D4E-4A36-8655-077352AC9E64}.Release|Any CPU.ActiveCfg = Release|x64
		{CB9001D4-7D4E-4A36-8655-077352AC9E64}.Release|x64.ActiveCfg = Release|x64
		{CB9001D4-7D4E-4A36-8655-077352AC9E64}.Release|x64.Build.0 = Release|x64
		{CB9001D4-7D4E-4A36-8655-077352AC9E64}.Release|x86.ActiveCfg = Release|x64
		{81F0BFA4-DE48-4BD5-BD92-1CF83579C423}.Debug|Any CPU.ActiveCfg = Debug|x64
		{81F0BFA4-DE48-4BD5-BD92-1CF83579C423}.Debug|x64.ActiveCfg = Debug|x64
		{81F0BFA4-DE48-4BD5-BD92-1CF83579C423}.Debug|x64.Build.0 = Debug|x64
		{81F0BFA4-DE48-4BD5-BD92-1CF83579C423}.Debug|x86.ActiveCfg = Debug|x64
		{81F0BFA4-DE48-4BD5-BD92-1CF83579C423}.Release|Any CPU.ActiveCfg = Release|x64
		{81F0BFA4-DE48-4BD5-BD92-1CF83579C423}.Release|x64.ActiveCfg = Release|x64
		{81F0BFA4-DE48-4BD5-BD92-1CF83579C423}.Release|x64.Build.0 = Release|x64
		{81F0BFA4-DE48-4BD5-BD92-1CF83579C423}.Release|x86.ActiveCfg = Release|x64
		{FA291AAC-324C-4273-8FEB-96C25D1C2E04}.Debug|Any CPU.ActiveCfg = Debug|x64
		{FA291AAC-324C-4273-8FEB-96C25D1C2E04}.Debug|x64.ActiveCfg = Debug|x64
		{FA291AAC-324C-4273-8FEB-96C25D1C2E04}.Debug|x64.Build.0 = Debug|x64
		{FA291AAC-324C-4273-8FEB-96C25D1C2E04}.Debug|x86.ActiveCfg = Debug|x64
		{FA291AAC-324C-4273-8FEB-96C25D1C2E04}.Release|Any CPU.ActiveCfg = Release|x64
		{FA291AAC-324C-4273-8FEB-96C25D1C2E04}.Release|x64.ActiveCfg = Release|x64
		{FA291AAC-324C-4273-8FEB-96C25D1C2E04}.Release|x64.Build.0 = Release|x64
		{FA291AAC-324C-4273-8FEB-96C25D1C2E04}.Release|x86.ActiveCfg = Release|x64
		{C05CB21D-E012-40D7-A494-9F2A5C67742E}.Debug|Any CPU.ActiveCfg = Debug|x64
		{C05CB21D-E012-40D7-A494-9F2A5C67742E}.Debug|x64.ActiveCfg = Debug|x64
		{C05CB21D-E012-40D7-A494-9F2A5C67742E}.Debug|x64.Build.0 = Debug|x64
		{C05CB21D-E012-40D7-A494-9F2A5C67742E}.Debug|x86.ActiveCfg = Debug|x64
		{C05CB21D-E012-40D7-A494-9F2A5C67742E}.Release|Any CPU.ActiveCfg = Release|x64
		{C05CB21D-E012-40D7-A494-9F2A5C67742E}.Release|x64.ActiveCfg = Release|x64
		{C05CB21D-E012-40D7-A494-9F2A5C67742E}.Release|x64.Build.0 = Release|x64
		{C05CB21D-E012-40D7-A494-9F2A5C67742E}.Release|x86.ActiveCfg = Release|x64
		{F45DE7D4-6B31-4633-8B1B-BC05F0662BCB}.Debug|Any CPU.ActiveCfg = Debug|x64
		{F45DE7D4-6B31-4633-8B1B-BC05F0662BCB}.Debug|x64.ActiveCfg = Debug|x64
		{F45DE7D4-6B31-4633-8B1B-BC05F0662BCB}.Debug|x64.Build.0 = Debug|x64
		{F45DE7D4-6B31-4633-8B1B-BC05F0662BCB}.Debug|x86.ActiveCfg = Debug|x64
		{F45DE7D4-6B31-4633-8B1B-BC05F0662BCB}.Release|Any CPU.ActiveCfg = Release|x64
		{F45DE7D4-6B31-4633-8B1B-BC05F0662BCB}.Release|x64.ActiveCfg = Release|x64
		{F45DE7D4-6B31-4633-8B1B-BC05F0662BCB}.Release|x64.Build.0 = Release|x64
		{F45DE7D4-6B31-4633-8B1B-BC05F0662BCB}.Release|x86.ActiveCfg = Release|x64
		{55A6EB38-4C61-4238-9FF9-8E3ED2EDA321}.Debug|Any CPU.ActiveCfg = Debug|x64
		{55A6EB38-4C61-4238-9FF9-8E3ED2EDA321}.Debug|x64.ActiveCfg = Debug|x64
		{55A6EB38-4C61-4238-9FF9-8E3ED2EDA321}.Debug|x64.Build.0 = Debug|x64
		{55A6EB38-4C61-4238-9FF9-8E3ED2EDA321}.Debug|x86.ActiveCfg = Debug|x64
		{55A6EB38-4C61-4238-9FF9-8E3ED2EDA321}.Release|Any CPU.ActiveCfg = Release|x64
		{55A6EB38-4C61-4238-9FF9-8E3ED2EDA321}.Release|x64.ActiveCfg = Release|x64
		{55A6EB38-4C61-4238-9FF9-8E3ED2EDA321}.Release|x64.Build.0 = Release|x64
		{55A6EB38-4C61-4238-9FF9-8E3ED2EDA321}.Release|x86.ActiveCfg = Release|x64
		{D735C26E-96C6-43CD-BE8D-A8FA42F60AFF}.Debug|Any CPU.ActiveCfg = Debug|x64
		{D735C26E-96C6-43CD-BE8D-A8FA42F60AFF}.Debug|x64.ActiveCfg = Debug|x64
		{D735C26E-96C6-43CD-BE8D-A8FA42F60AFF}.Debug|x64.Build.0 = Debug|x64
		{D735C26E-96C6-43CD-BE8D-A8FA42F60AFF}.Debug|x86.ActiveCfg = Debug|x64
		{D735C26E-96C6-43CD-BE8D-A8FA42F60AFF}.Release|Any CPU.ActiveCfg = Release|x64
		{D735C26E-96C6-43CD-BE8D-A8FA42F60AFF}.Release|x64.ActiveCfg = Release|x64
		{D735C26E-96C6-43CD-BE8D-A8FA42F60AFF}.Release|x64.Build.0 = Release|x64
		{D735C26E-96C6-43CD-BE8D-A8FA42F60AFF}.Release|x86.ActiveCfg = Release|x64
		{4EE9F391-26E7-4123-A67F-C66E3FE4717D}.Debug|Any CPU.ActiveCfg = Debug|x64
		{4EE9F391-26E7-4123-A67F-C66E3FE4717D}.Debug|x64.ActiveCfg = Debug|x64
		{4EE9F391-26E7-4123-A67F-C66E3FE4717D}.Debug|x64.Build.0 = Debug|x64
		{4EE9F391-26E7-4123-A67F-C66E3FE4717D}.Debug|x86.ActiveCfg = Debug|x64
		{4EE9F391-26E7-4123-A67F-C66E3FE4717D}.Release|Any CPU.ActiveCfg = Release|x64
		{4EE9F391-26E7-4123-A67F-C66E3FE4717D}.Release|x64.ActiveCfg = Release|x64
		{4EE9F391-26E7-4123-A67F-C66E3FE4717D}.Release|x64.Build.0 = Release|x64
		{4EE9F391-26E7-4123-A67F-C66E3FE4717D}.Release|x86.ActiveCfg = Release|x64
		{895E1B90-08DE-4424-B149-E5FB59756401}.Debug|Any CPU.ActiveCfg = Debug|x64
		{895E1B90-08DE-4424-B149-E5FB59756401}.Debug|x64.ActiveCfg = Debug|x64
		{895E1B90-08DE-4424-B149-E5FB59756401}.Debug|x64.Build.0 = Debug|x64
		{895E1B90-08DE-4424-B149-E5FB59756401}.Debug|x86.ActiveCfg = Debug|x64
		{895E1B90-08DE-4424-B149-E5FB59756401}.Release|Any CPU.ActiveCfg = Release|x64
		{895E1B90-08DE-4424-B149-E5FB59756401}.Release|x64.ActiveCfg = Release|x64
		{895E1B90-08DE-4424-B149-E5FB59756401}.Release|x64.Build.0 = Release|x64
		{895E1B90-08DE-4424-B149-E5FB59756401}.Release|x86.ActiveCfg = Release|x64
		{CAD48711-5E1D-452F-8529-D25CDB4BAB43}.Debug|Any CPU.ActiveCfg = Debug|Any CPU
		{CAD48711-5E1D-452F-8529-D25CDB4BAB43}.Debug|x64.ActiveCfg = Debug|Any CPU
		{CAD48711-5E1D-452F-8529-D25CDB4BAB43}.Debug|x86.ActiveCfg = Debug|Any CPU
		{CAD48711-5E1D-452F-8529-D25CDB4BAB43}.Release|Any CPU.ActiveCfg = Release|Any CPU
		{CAD48711-5E1D-452F-8529-D25CDB4BAB43}.Release|x64.ActiveCfg = Release|Any CPU
		{CAD48711-5E1D-452F-8529-D25CDB4BAB43}.Release|x86.ActiveCfg = Release|Any CPU
	EndGlobalSection
	GlobalSection(SolutionProperties) = preSolution
		HideSolutionNode = FALSE
	EndGlobalSection
	GlobalSection(NestedProjects) = preSolution
		{4194AD55-B56A-436E-BDBD-F6E5E8E7602B} = {D87BCAEE-32F5-4DA5-A52A-168A22F6CC12}
		{211813C1-1E2E-47ED-B1CB-8547349C7B3A} = {D87BCAEE-32F5-4DA5-A52A-168A22F6CC12}
		{D33B85BB-24C3-4F9C-A26D-D77BFE0D3EAE} = {1A1A5B15-F1B3-4FF7-98F7-035A4D028C14}
		{5942BE07-41EF-4CF8-B990-978E7B63EF06} = {B1370495-1197-4456-AAD5-0F918B4A0BB4}
		{26D0C2E5-5CEA-49FA-999D-411F4316DB9D} = {B7353459-FF6E-43AE-A393-407E2EBAA11A}
		{176FF1EA-BAA3-4668-917C-0E8AEE2C8CEF} = {D125C1CA-1262-468D-8F34-74D04A1F881C}
		{66D80B49-9FDB-4F1A-B05B-3F67C3730E1E} = {79BC23F3-8F5D-4865-9FD1-A642F9BB1C0F}
		{1A1A5B15-F1B3-4FF7-98F7-035A4D028C14} = {79BC23F3-8F5D-4865-9FD1-A642F9BB1C0F}
		{012A19AF-6842-42A7-8E6D-256EE06B1E36} = {D87BCAEE-32F5-4DA5-A52A-168A22F6CC12}
		{AEEAD833-27DC-4556-99B8-70542551304D} = {D125C1CA-1262-468D-8F34-74D04A1F881C}
		{A12EC4F8-A856-42AB-A161-748B365E783E} = {1A1A5B15-F1B3-4FF7-98F7-035A4D028C14}
		{B07CDFFE-A2A7-4A06-AE85-C6E8D82528B4} = {6A0CE423-002C-4172-89CD-B2E8C2AE7354}
		{C188D4BE-4869-4B98-8A95-CA890FAC5093} = {6A0CE423-002C-4172-89CD-B2E8C2AE7354}
		{CCA5C499-6F54-447C-8C4C-9D8492E65197} = {B7353459-FF6E-43AE-A393-407E2EBAA11A}
		{BA12A22C-625A-42B9-A479-9859898BC293} = {B7353459-FF6E-43AE-A393-407E2EBAA11A}
		{C423722C-9628-452B-BC2E-311E70830878} = {1A1A5B15-F1B3-4FF7-98F7-035A4D028C14}
		{9A0A42FC-1717-49F9-A5F3-A428DD0373DE} = {B7353459-FF6E-43AE-A393-407E2EBAA11A}
		{EB2F9F10-AA8D-4693-8944-FA403D507B08} = {946492E9-5DA2-451C-A853-A6F7A0FDEE89}
		{E59FAF92-9AE3-4AD1-9315-33EA15F22A0D} = {946492E9-5DA2-451C-A853-A6F7A0FDEE89}
		{C99CD957-BF6D-46CA-B247-939BA491CCFA} = {946492E9-5DA2-451C-A853-A6F7A0FDEE89}
		{2876F88F-404A-4F17-BD41-1F18D7E55E4F} = {1A1A5B15-F1B3-4FF7-98F7-035A4D028C14}
		{A6D7EE3C-234B-46AB-B963-DAEDEB80E266} = {1A1A5B15-F1B3-4FF7-98F7-035A4D028C14}
		{EAB4A0F5-AB0B-41CC-B915-27B409138B59} = {1A1A5B15-F1B3-4FF7-98F7-035A4D028C14}
		{04EE483A-077D-4F39-8E59-592E33325E2E} = {B1370495-1197-4456-AAD5-0F918B4A0BB4}
		{6B3035A6-8142-4EFC-B137-B8857A299D59} = {D125C1CA-1262-468D-8F34-74D04A1F881C}
		{3404E1BC-EEA0-4E5A-8424-C2D2DBC18458} = {6A0CE423-002C-4172-89CD-B2E8C2AE7354}
		{0EB50591-7CF2-4169-A80F-C72F742D724F} = {1A1A5B15-F1B3-4FF7-98F7-035A4D028C14}
		{E694A211-602C-44ED-83BB-51579CFFEAEF} = {D87BCAEE-32F5-4DA5-A52A-168A22F6CC12}
		{47B2CD6E-FC2F-4830-A279-9185AB122546} = {946492E9-5DA2-451C-A853-A6F7A0FDEE89}
		{D87BCAEE-32F5-4DA5-A52A-168A22F6CC12} = {66D80B49-9FDB-4F1A-B05B-3F67C3730E1E}
		{B1370495-1197-4456-AAD5-0F918B4A0BB4} = {66D80B49-9FDB-4F1A-B05B-3F67C3730E1E}
		{6A0CE423-002C-4172-89CD-B2E8C2AE7354} = {66D80B49-9FDB-4F1A-B05B-3F67C3730E1E}
		{CB9001D4-7D4E-4A36-8655-077352AC9E64} = {D87BCAEE-32F5-4DA5-A52A-168A22F6CC12}
		{9E03BDAB-C61A-4861-9C03-9D1D989B600E} = {66D80B49-9FDB-4F1A-B05B-3F67C3730E1E}
		{81F0BFA4-DE48-4BD5-BD92-1CF83579C423} = {946492E9-5DA2-451C-A853-A6F7A0FDEE89}
		{946492E9-5DA2-451C-A853-A6F7A0FDEE89} = {66D80B49-9FDB-4F1A-B05B-3F67C3730E1E}
		{D125C1CA-1262-468D-8F34-74D04A1F881C} = {66D80B49-9FDB-4F1A-B05B-3F67C3730E1E}
		{FA291AAC-324C-4273-8FEB-96C25D1C2E04} = {D125C1CA-1262-468D-8F34-74D04A1F881C}
		{C05CB21D-E012-40D7-A494-9F2A5C67742E} = {D125C1CA-1262-468D-8F34-74D04A1F881C}
		{F45DE7D4-6B31-4633-8B1B-BC05F0662BCB} = {9E03BDAB-C61A-4861-9C03-9D1D989B600E}
		{55A6EB38-4C61-4238-9FF9-8E3ED2EDA321} = {9E03BDAB-C61A-4861-9C03-9D1D989B600E}
		{D735C26E-96C6-43CD-BE8D-A8FA42F60AFF} = {9E03BDAB-C61A-4861-9C03-9D1D989B600E}
		{4EE9F391-26E7-4123-A67F-C66E3FE4717D} = {9E03BDAB-C61A-4861-9C03-9D1D989B600E}
		{895E1B90-08DE-4424-B149-E5FB59756401} = {1A1A5B15-F1B3-4FF7-98F7-035A4D028C14}
		{CAD48711-5E1D-452F-8529-D25CDB4BAB43} = {B7353459-FF6E-43AE-A393-407E2EBAA11A}
	EndGlobalSection
	GlobalSection(ExtensibilityGlobals) = postSolution
		SolutionGuid = {6347BDBE-76E9-4CB7-9084-099E92D19033}
	EndGlobalSection
EndGlobal
