
Microsoft Visual Studio Solution File, Format Version 12.00
# Visual Studio Version 16
VisualStudioVersion = 16.0.29215.179
MinimumVisualStudioVersion = 10.0.40219.1
Project("{2150E333-8FDC-42A3-9474-1A3956D46DE8}") = "C++", "C++", "{79BC23F3-8F5D-4865-9FD1-A642F9BB1C0F}"
EndProject
Project("{2150E333-8FDC-42A3-9474-1A3956D46DE8}") = "Python", "Python", "{B7353459-FF6E-43AE-A393-407E2EBAA11A}"
EndProject
Project("{2150E333-8FDC-42A3-9474-1A3956D46DE8}") = "C++ Tests", "C++ Tests", "{304FAEA5-DD73-4881-81AB-ABEC5236A30D}"
EndProject
Project("{2150E333-8FDC-42A3-9474-1A3956D46DE8}") = "C++ Benchmarks", "C++ Benchmarks", "{38E8C746-62B8-4DC0-9F86-9742153678B4}"
EndProject
Project("{8BC9CEB8-8B4A-11D0-8D11-00A0C91BC942}") = "CoreBenchmark", "CoreBenchmark\CoreBenchmark.vcxproj", "{4194AD55-B56A-436E-BDBD-F6E5E8E7602B}"
EndProject
Project("{8BC9CEB8-8B4A-11D0-8D11-00A0C91BC942}") = "Core", "Core\Core.vcxproj", "{211813C1-1E2E-47ED-B1CB-8547349C7B3A}"
EndProject
Project("{8BC9CEB8-8B4A-11D0-8D11-00A0C91BC942}") = "Perft", "Perft\Perft.vcxproj", "{D33B85BB-24C3-4F9C-A26D-D77BFE0D3EAE}"
EndProject
Project("{8BC9CEB8-8B4A-11D0-8D11-00A0C91BC942}") = "IO", "IO\IO.vcxproj", "{5942BE07-41EF-4CF8-B990-978E7B63EF06}"
EndProject
Project("{888888A0-9F3D-457C-B088-3A5042F75D52}") = "PositionConverter", "PositionConverter\PositionConverter.pyproj", "{26D0C2E5-5CEA-49FA-999D-411F4316DB9D}"
EndProject
Project("{8BC9CEB8-8B4A-11D0-8D11-00A0C91BC942}") = "Pattern", "Pattern\Pattern.vcxproj", "{176FF1EA-BAA3-4668-917C-0E8AEE2C8CEF}"
EndProject
Project("{2150E333-8FDC-42A3-9474-1A3956D46DE8}") = "libs", "libs", "{66D80B49-9FDB-4F1A-B05B-3F67C3730E1E}"
EndProject
Project("{2150E333-8FDC-42A3-9474-1A3956D46DE8}") = "apps", "apps", "{1A1A5B15-F1B3-4FF7-98F7-035A4D028C14}"
EndProject
Project("{8BC9CEB8-8B4A-11D0-8D11-00A0C91BC942}") = "CoreTest", "CoreTest\CoreTest.vcxproj", "{012A19AF-6842-42A7-8E6D-256EE06B1E36}"
EndProject
Project("{8BC9CEB8-8B4A-11D0-8D11-00A0C91BC942}") = "PatternTest", "PatternTest\PatternTest.vcxproj", "{AEEAD833-27DC-4556-99B8-70542551304D}"
EndProject
Project("{8BC9CEB8-8B4A-11D0-8D11-00A0C91BC942}") = "Solver", "Solver\Solver.vcxproj", "{A12EC4F8-A856-42AB-A161-748B365E783E}"
EndProject
Project("{8BC9CEB8-8B4A-11D0-8D11-00A0C91BC942}") = "Math", "Math\Math.vcxproj", "{B07CDFFE-A2A7-4A06-AE85-C6E8D82528B4}"
EndProject
Project("{8BC9CEB8-8B4A-11D0-8D11-00A0C91BC942}") = "MathTest", "MathTest\MathTest.vcxproj", "{C188D4BE-4869-4B98-8A95-CA890FAC5093}"
EndProject
Project("{8BC9CEB8-8B4A-11D0-8D11-00A0C91BC942}") = "WeightFitter", "WeightFitter\WeightFitter.vcxproj", "{7CF82923-1DD1-4CEF-8B7A-96CF25D773FC}"
EndProject
Project("{888888A0-9F3D-457C-B088-3A5042F75D52}") = "Heatmap", "Heatmap\Heatmap.pyproj", "{CCA5C499-6F54-447C-8C4C-9D8492E65197}"
EndProject
Project("{888888A0-9F3D-457C-B088-3A5042F75D52}") = "Browser", "Browser\Browser.pyproj", "{BA12A22C-625A-42B9-A479-9859898BC293}"
EndProject
Project("{8BC9CEB8-8B4A-11D0-8D11-00A0C91BC942}") = "DbConverter", "DbConverter\DbConverter.vcxproj", "{C423722C-9628-452B-BC2E-311E70830878}"
EndProject
Project("{888888A0-9F3D-457C-B088-3A5042F75D52}") = "NeuralNetwork", "NeuralNetwork\NeuralNetwork.pyproj", "{9A0A42FC-1717-49F9-A5F3-A428DD0373DE}"
EndProject
Project("{8BC9CEB8-8B4A-11D0-8D11-00A0C91BC942}") = "Search", "Search\Search.vcxproj", "{EB2F9F10-AA8D-4693-8944-FA403D507B08}"
EndProject
Project("{8BC9CEB8-8B4A-11D0-8D11-00A0C91BC942}") = "SearchTest", "SearchTest\SearchTest.vcxproj", "{E59FAF92-9AE3-4AD1-9315-33EA15F22A0D}"
EndProject
Project("{8BC9CEB8-8B4A-11D0-8D11-00A0C91BC942}") = "SearchBenchmark", "SearchBenchmark\SearchBenchmark.vcxproj", "{C99CD957-BF6D-46CA-B247-939BA491CCFA}"
EndProject
Project("{8BC9CEB8-8B4A-11D0-8D11-00A0C91BC942}") = "GeneticPatternOptimizer", "GeneticPatternOptimizer\GeneticPatternOptimizer.vcxproj", "{2876F88F-404A-4F17-BD41-1F18D7E55E4F}"
EndProject
Project("{8BC9CEB8-8B4A-11D0-8D11-00A0C91BC942}") = "PerftCuda", "PerftCuda\PerftCuda.vcxproj", "{A6D7EE3C-234B-46AB-B963-DAEDEB80E266}"
EndProject
Project("{8BC9CEB8-8B4A-11D0-8D11-00A0C91BC942}") = "OEIS", "OEIS\OEIS.vcxproj", "{EAB4A0F5-AB0B-41CC-B915-27B409138B59}"
EndProject
Global
	GlobalSection(SolutionConfigurationPlatforms) = preSolution
		Debug|x64 = Debug|x64
		Debug|x86 = Debug|x86
		Release|x64 = Release|x64
		Release|x86 = Release|x86
	EndGlobalSection
	GlobalSection(ProjectConfigurationPlatforms) = postSolution
		{4194AD55-B56A-436E-BDBD-F6E5E8E7602B}.Debug|x64.ActiveCfg = Debug|x64
		{4194AD55-B56A-436E-BDBD-F6E5E8E7602B}.Debug|x64.Build.0 = Debug|x64
		{4194AD55-B56A-436E-BDBD-F6E5E8E7602B}.Debug|x86.ActiveCfg = Debug|x64
		{4194AD55-B56A-436E-BDBD-F6E5E8E7602B}.Release|x64.ActiveCfg = Release|x64
		{4194AD55-B56A-436E-BDBD-F6E5E8E7602B}.Release|x64.Build.0 = Release|x64
		{4194AD55-B56A-436E-BDBD-F6E5E8E7602B}.Release|x86.ActiveCfg = Release|x64
		{211813C1-1E2E-47ED-B1CB-8547349C7B3A}.Debug|x64.ActiveCfg = Debug|x64
		{211813C1-1E2E-47ED-B1CB-8547349C7B3A}.Debug|x64.Build.0 = Debug|x64
		{211813C1-1E2E-47ED-B1CB-8547349C7B3A}.Debug|x86.ActiveCfg = Debug|x64
		{211813C1-1E2E-47ED-B1CB-8547349C7B3A}.Release|x64.ActiveCfg = Release|x64
		{211813C1-1E2E-47ED-B1CB-8547349C7B3A}.Release|x64.Build.0 = Release|x64
		{211813C1-1E2E-47ED-B1CB-8547349C7B3A}.Release|x86.ActiveCfg = Release|x64
		{D33B85BB-24C3-4F9C-A26D-D77BFE0D3EAE}.Debug|x64.ActiveCfg = Debug|x64
		{D33B85BB-24C3-4F9C-A26D-D77BFE0D3EAE}.Debug|x64.Build.0 = Debug|x64
		{D33B85BB-24C3-4F9C-A26D-D77BFE0D3EAE}.Debug|x86.ActiveCfg = Debug|x64
		{D33B85BB-24C3-4F9C-A26D-D77BFE0D3EAE}.Release|x64.ActiveCfg = Release|x64
		{D33B85BB-24C3-4F9C-A26D-D77BFE0D3EAE}.Release|x64.Build.0 = Release|x64
		{D33B85BB-24C3-4F9C-A26D-D77BFE0D3EAE}.Release|x86.ActiveCfg = Release|x64
		{5942BE07-41EF-4CF8-B990-978E7B63EF06}.Debug|x64.ActiveCfg = Debug|x64
		{5942BE07-41EF-4CF8-B990-978E7B63EF06}.Debug|x64.Build.0 = Debug|x64
		{5942BE07-41EF-4CF8-B990-978E7B63EF06}.Debug|x86.ActiveCfg = Debug|x64
		{5942BE07-41EF-4CF8-B990-978E7B63EF06}.Release|x64.ActiveCfg = Release|x64
		{5942BE07-41EF-4CF8-B990-978E7B63EF06}.Release|x64.Build.0 = Release|x64
		{5942BE07-41EF-4CF8-B990-978E7B63EF06}.Release|x86.ActiveCfg = Release|x64
		{26D0C2E5-5CEA-49FA-999D-411F4316DB9D}.Debug|x64.ActiveCfg = Debug|Any CPU
		{26D0C2E5-5CEA-49FA-999D-411F4316DB9D}.Debug|x86.ActiveCfg = Debug|Any CPU
		{26D0C2E5-5CEA-49FA-999D-411F4316DB9D}.Release|x64.ActiveCfg = Release|Any CPU
		{26D0C2E5-5CEA-49FA-999D-411F4316DB9D}.Release|x86.ActiveCfg = Release|Any CPU
		{176FF1EA-BAA3-4668-917C-0E8AEE2C8CEF}.Debug|x64.ActiveCfg = Debug|x64
		{176FF1EA-BAA3-4668-917C-0E8AEE2C8CEF}.Debug|x64.Build.0 = Debug|x64
		{176FF1EA-BAA3-4668-917C-0E8AEE2C8CEF}.Debug|x86.ActiveCfg = Debug|x64
		{176FF1EA-BAA3-4668-917C-0E8AEE2C8CEF}.Release|x64.ActiveCfg = Release|x64
		{176FF1EA-BAA3-4668-917C-0E8AEE2C8CEF}.Release|x64.Build.0 = Release|x64
		{176FF1EA-BAA3-4668-917C-0E8AEE2C8CEF}.Release|x86.ActiveCfg = Release|x64
		{012A19AF-6842-42A7-8E6D-256EE06B1E36}.Debug|x64.ActiveCfg = Debug|x64
		{012A19AF-6842-42A7-8E6D-256EE06B1E36}.Debug|x64.Build.0 = Debug|x64
		{012A19AF-6842-42A7-8E6D-256EE06B1E36}.Debug|x86.ActiveCfg = Debug|x64
		{012A19AF-6842-42A7-8E6D-256EE06B1E36}.Release|x64.ActiveCfg = Release|x64
		{012A19AF-6842-42A7-8E6D-256EE06B1E36}.Release|x64.Build.0 = Release|x64
		{012A19AF-6842-42A7-8E6D-256EE06B1E36}.Release|x86.ActiveCfg = Release|x64
		{AEEAD833-27DC-4556-99B8-70542551304D}.Debug|x64.ActiveCfg = Debug|x64
		{AEEAD833-27DC-4556-99B8-70542551304D}.Debug|x64.Build.0 = Debug|x64
		{AEEAD833-27DC-4556-99B8-70542551304D}.Debug|x86.ActiveCfg = Debug|x64
		{AEEAD833-27DC-4556-99B8-70542551304D}.Release|x64.ActiveCfg = Release|x64
		{AEEAD833-27DC-4556-99B8-70542551304D}.Release|x64.Build.0 = Release|x64
		{AEEAD833-27DC-4556-99B8-70542551304D}.Release|x86.ActiveCfg = Release|x64
		{A12EC4F8-A856-42AB-A161-748B365E783E}.Debug|x64.ActiveCfg = Debug|x64
		{A12EC4F8-A856-42AB-A161-748B365E783E}.Debug|x64.Build.0 = Debug|x64
		{A12EC4F8-A856-42AB-A161-748B365E783E}.Debug|x86.ActiveCfg = Debug|x64
		{A12EC4F8-A856-42AB-A161-748B365E783E}.Release|x64.ActiveCfg = Release|x64
		{A12EC4F8-A856-42AB-A161-748B365E783E}.Release|x64.Build.0 = Release|x64
		{A12EC4F8-A856-42AB-A161-748B365E783E}.Release|x86.ActiveCfg = Release|x64
		{B07CDFFE-A2A7-4A06-AE85-C6E8D82528B4}.Debug|x64.ActiveCfg = Debug|x64
		{B07CDFFE-A2A7-4A06-AE85-C6E8D82528B4}.Debug|x64.Build.0 = Debug|x64
		{B07CDFFE-A2A7-4A06-AE85-C6E8D82528B4}.Debug|x86.ActiveCfg = Debug|x64
		{B07CDFFE-A2A7-4A06-AE85-C6E8D82528B4}.Release|x64.ActiveCfg = Release|x64
		{B07CDFFE-A2A7-4A06-AE85-C6E8D82528B4}.Release|x64.Build.0 = Release|x64
		{B07CDFFE-A2A7-4A06-AE85-C6E8D82528B4}.Release|x86.ActiveCfg = Release|x64
		{C188D4BE-4869-4B98-8A95-CA890FAC5093}.Debug|x64.ActiveCfg = Debug|x64
		{C188D4BE-4869-4B98-8A95-CA890FAC5093}.Debug|x64.Build.0 = Debug|x64
		{C188D4BE-4869-4B98-8A95-CA890FAC5093}.Debug|x86.ActiveCfg = Debug|x64
		{C188D4BE-4869-4B98-8A95-CA890FAC5093}.Release|x64.ActiveCfg = Release|x64
		{C188D4BE-4869-4B98-8A95-CA890FAC5093}.Release|x64.Build.0 = Release|x64
		{C188D4BE-4869-4B98-8A95-CA890FAC5093}.Release|x86.ActiveCfg = Release|x64
		{7CF82923-1DD1-4CEF-8B7A-96CF25D773FC}.Debug|x64.ActiveCfg = Debug|x64
		{7CF82923-1DD1-4CEF-8B7A-96CF25D773FC}.Debug|x64.Build.0 = Debug|x64
		{7CF82923-1DD1-4CEF-8B7A-96CF25D773FC}.Debug|x86.ActiveCfg = Debug|x64
		{7CF82923-1DD1-4CEF-8B7A-96CF25D773FC}.Release|x64.ActiveCfg = Release|x64
		{7CF82923-1DD1-4CEF-8B7A-96CF25D773FC}.Release|x64.Build.0 = Release|x64
		{7CF82923-1DD1-4CEF-8B7A-96CF25D773FC}.Release|x86.ActiveCfg = Release|x64
		{CCA5C499-6F54-447C-8C4C-9D8492E65197}.Debug|x64.ActiveCfg = Debug|Any CPU
		{CCA5C499-6F54-447C-8C4C-9D8492E65197}.Debug|x86.ActiveCfg = Debug|Any CPU
		{CCA5C499-6F54-447C-8C4C-9D8492E65197}.Release|x64.ActiveCfg = Release|Any CPU
		{CCA5C499-6F54-447C-8C4C-9D8492E65197}.Release|x86.ActiveCfg = Release|Any CPU
		{BA12A22C-625A-42B9-A479-9859898BC293}.Debug|x64.ActiveCfg = Debug|Any CPU
		{BA12A22C-625A-42B9-A479-9859898BC293}.Debug|x86.ActiveCfg = Debug|Any CPU
		{BA12A22C-625A-42B9-A479-9859898BC293}.Release|x64.ActiveCfg = Release|Any CPU
		{BA12A22C-625A-42B9-A479-9859898BC293}.Release|x86.ActiveCfg = Release|Any CPU
		{C423722C-9628-452B-BC2E-311E70830878}.Debug|x64.ActiveCfg = Debug|x64
		{C423722C-9628-452B-BC2E-311E70830878}.Debug|x64.Build.0 = Debug|x64
		{C423722C-9628-452B-BC2E-311E70830878}.Debug|x86.ActiveCfg = Debug|x64
		{C423722C-9628-452B-BC2E-311E70830878}.Release|x64.ActiveCfg = Release|x64
		{C423722C-9628-452B-BC2E-311E70830878}.Release|x64.Build.0 = Release|x64
		{C423722C-9628-452B-BC2E-311E70830878}.Release|x86.ActiveCfg = Release|x64
		{9A0A42FC-1717-49F9-A5F3-A428DD0373DE}.Debug|x64.ActiveCfg = Debug|Any CPU
		{9A0A42FC-1717-49F9-A5F3-A428DD0373DE}.Debug|x86.ActiveCfg = Debug|Any CPU
		{9A0A42FC-1717-49F9-A5F3-A428DD0373DE}.Release|x64.ActiveCfg = Release|Any CPU
		{9A0A42FC-1717-49F9-A5F3-A428DD0373DE}.Release|x86.ActiveCfg = Release|Any CPU
		{EB2F9F10-AA8D-4693-8944-FA403D507B08}.Debug|x64.ActiveCfg = Debug|x64
		{EB2F9F10-AA8D-4693-8944-FA403D507B08}.Debug|x64.Build.0 = Debug|x64
		{EB2F9F10-AA8D-4693-8944-FA403D507B08}.Debug|x86.ActiveCfg = Debug|x64
		{EB2F9F10-AA8D-4693-8944-FA403D507B08}.Release|x64.ActiveCfg = Release|x64
		{EB2F9F10-AA8D-4693-8944-FA403D507B08}.Release|x64.Build.0 = Release|x64
		{EB2F9F10-AA8D-4693-8944-FA403D507B08}.Release|x86.ActiveCfg = Release|x64
		{E59FAF92-9AE3-4AD1-9315-33EA15F22A0D}.Debug|x64.ActiveCfg = Debug|x64
		{E59FAF92-9AE3-4AD1-9315-33EA15F22A0D}.Debug|x64.Build.0 = Debug|x64
		{E59FAF92-9AE3-4AD1-9315-33EA15F22A0D}.Debug|x86.ActiveCfg = Debug|x64
		{E59FAF92-9AE3-4AD1-9315-33EA15F22A0D}.Release|x64.ActiveCfg = Release|x64
		{E59FAF92-9AE3-4AD1-9315-33EA15F22A0D}.Release|x64.Build.0 = Release|x64
		{E59FAF92-9AE3-4AD1-9315-33EA15F22A0D}.Release|x86.ActiveCfg = Release|x64
		{C99CD957-BF6D-46CA-B247-939BA491CCFA}.Debug|x64.ActiveCfg = Debug|x64
		{C99CD957-BF6D-46CA-B247-939BA491CCFA}.Debug|x64.Build.0 = Debug|x64
		{C99CD957-BF6D-46CA-B247-939BA491CCFA}.Debug|x86.ActiveCfg = Debug|x64
		{C99CD957-BF6D-46CA-B247-939BA491CCFA}.Release|x64.ActiveCfg = Release|x64
		{C99CD957-BF6D-46CA-B247-939BA491CCFA}.Release|x64.Build.0 = Release|x64
		{C99CD957-BF6D-46CA-B247-939BA491CCFA}.Release|x86.ActiveCfg = Release|x64
		{2876F88F-404A-4F17-BD41-1F18D7E55E4F}.Debug|x64.ActiveCfg = Debug|x64
		{2876F88F-404A-4F17-BD41-1F18D7E55E4F}.Debug|x64.Build.0 = Debug|x64
		{2876F88F-404A-4F17-BD41-1F18D7E55E4F}.Debug|x86.ActiveCfg = Debug|x64
		{2876F88F-404A-4F17-BD41-1F18D7E55E4F}.Release|x64.ActiveCfg = Release|x64
		{2876F88F-404A-4F17-BD41-1F18D7E55E4F}.Release|x64.Build.0 = Release|x64
		{2876F88F-404A-4F17-BD41-1F18D7E55E4F}.Release|x86.ActiveCfg = Release|x64
		{A6D7EE3C-234B-46AB-B963-DAEDEB80E266}.Debug|x64.ActiveCfg = Debug|x64
		{A6D7EE3C-234B-46AB-B963-DAEDEB80E266}.Debug|x64.Build.0 = Debug|x64
		{A6D7EE3C-234B-46AB-B963-DAEDEB80E266}.Debug|x86.ActiveCfg = Debug|x64
		{A6D7EE3C-234B-46AB-B963-DAEDEB80E266}.Release|x64.ActiveCfg = Release|x64
		{A6D7EE3C-234B-46AB-B963-DAEDEB80E266}.Release|x64.Build.0 = Release|x64
		{A6D7EE3C-234B-46AB-B963-DAEDEB80E266}.Release|x86.ActiveCfg = Release|x64
		{EAB4A0F5-AB0B-41CC-B915-27B409138B59}.Debug|x64.ActiveCfg = Debug|x64
		{EAB4A0F5-AB0B-41CC-B915-27B409138B59}.Debug|x64.Build.0 = Debug|x64
		{EAB4A0F5-AB0B-41CC-B915-27B409138B59}.Debug|x86.ActiveCfg = Debug|x64
		{EAB4A0F5-AB0B-41CC-B915-27B409138B59}.Release|x64.ActiveCfg = Release|x64
		{EAB4A0F5-AB0B-41CC-B915-27B409138B59}.Release|x64.Build.0 = Release|x64
		{EAB4A0F5-AB0B-41CC-B915-27B409138B59}.Release|x86.ActiveCfg = Release|x64
	EndGlobalSection
	GlobalSection(SolutionProperties) = preSolution
		HideSolutionNode = FALSE
	EndGlobalSection
	GlobalSection(NestedProjects) = preSolution
		{4194AD55-B56A-436E-BDBD-F6E5E8E7602B} = {38E8C746-62B8-4DC0-9F86-9742153678B4}
		{211813C1-1E2E-47ED-B1CB-8547349C7B3A} = {66D80B49-9FDB-4F1A-B05B-3F67C3730E1E}
		{D33B85BB-24C3-4F9C-A26D-D77BFE0D3EAE} = {1A1A5B15-F1B3-4FF7-98F7-035A4D028C14}
		{5942BE07-41EF-4CF8-B990-978E7B63EF06} = {66D80B49-9FDB-4F1A-B05B-3F67C3730E1E}
		{26D0C2E5-5CEA-49FA-999D-411F4316DB9D} = {B7353459-FF6E-43AE-A393-407E2EBAA11A}
		{176FF1EA-BAA3-4668-917C-0E8AEE2C8CEF} = {66D80B49-9FDB-4F1A-B05B-3F67C3730E1E}
		{66D80B49-9FDB-4F1A-B05B-3F67C3730E1E} = {79BC23F3-8F5D-4865-9FD1-A642F9BB1C0F}
		{1A1A5B15-F1B3-4FF7-98F7-035A4D028C14} = {79BC23F3-8F5D-4865-9FD1-A642F9BB1C0F}
		{012A19AF-6842-42A7-8E6D-256EE06B1E36} = {304FAEA5-DD73-4881-81AB-ABEC5236A30D}
		{AEEAD833-27DC-4556-99B8-70542551304D} = {304FAEA5-DD73-4881-81AB-ABEC5236A30D}
		{A12EC4F8-A856-42AB-A161-748B365E783E} = {1A1A5B15-F1B3-4FF7-98F7-035A4D028C14}
		{B07CDFFE-A2A7-4A06-AE85-C6E8D82528B4} = {66D80B49-9FDB-4F1A-B05B-3F67C3730E1E}
		{C188D4BE-4869-4B98-8A95-CA890FAC5093} = {304FAEA5-DD73-4881-81AB-ABEC5236A30D}
		{7CF82923-1DD1-4CEF-8B7A-96CF25D773FC} = {1A1A5B15-F1B3-4FF7-98F7-035A4D028C14}
		{CCA5C499-6F54-447C-8C4C-9D8492E65197} = {B7353459-FF6E-43AE-A393-407E2EBAA11A}
		{BA12A22C-625A-42B9-A479-9859898BC293} = {B7353459-FF6E-43AE-A393-407E2EBAA11A}
		{C423722C-9628-452B-BC2E-311E70830878} = {1A1A5B15-F1B3-4FF7-98F7-035A4D028C14}
		{9A0A42FC-1717-49F9-A5F3-A428DD0373DE} = {B7353459-FF6E-43AE-A393-407E2EBAA11A}
		{EB2F9F10-AA8D-4693-8944-FA403D507B08} = {66D80B49-9FDB-4F1A-B05B-3F67C3730E1E}
		{E59FAF92-9AE3-4AD1-9315-33EA15F22A0D} = {304FAEA5-DD73-4881-81AB-ABEC5236A30D}
		{C99CD957-BF6D-46CA-B247-939BA491CCFA} = {38E8C746-62B8-4DC0-9F86-9742153678B4}
		{2876F88F-404A-4F17-BD41-1F18D7E55E4F} = {1A1A5B15-F1B3-4FF7-98F7-035A4D028C14}
		{A6D7EE3C-234B-46AB-B963-DAEDEB80E266} = {1A1A5B15-F1B3-4FF7-98F7-035A4D028C14}
		{EAB4A0F5-AB0B-41CC-B915-27B409138B59} = {1A1A5B15-F1B3-4FF7-98F7-035A4D028C14}
	EndGlobalSection
	GlobalSection(ExtensibilityGlobals) = postSolution
		SolutionGuid = {6347BDBE-76E9-4CB7-9084-099E92D19033}
	EndGlobalSection
EndGlobal
