<?xml version="1.0" encoding="utf-8"?>
<Project ToolsVersion="4.0" xmlns="http://schemas.microsoft.com/developer/msbuild/2003">
  <ItemGroup>
    <ClCompile Include="Position.cpp" />
    <ClCompile Include="BitBoard.cpp" />
    <ClCompile Include="CountLastFlip.cpp" />
    <ClCompile Include="Flips.cpp" />
    <ClCompile Include="PossibleMoves.cpp" />
    <ClCompile Include="Player.cpp" />
    <ClCompile Include="PositionGenerator.cpp" />
    <ClCompile Include="HasMoves.cpp" />
    <ClCompile Include="Metronome.cpp" />
    <ClCompile Include="Children.cpp" />
  </ItemGroup>
  <ItemGroup>
    <ClInclude Include="Moves.h" />
    <ClInclude Include="Position.h" />
    <ClInclude Include="HashTable.h" />
    <ClInclude Include="BitBoard.h" />
    <ClInclude Include="Core.h" />
    <ClInclude Include="Bit.h" />
    <ClInclude Include="Player.h" />
    <ClInclude Include="PositionGenerator.h" />
    <ClInclude Include="MoreTypes.h" />
    <ClInclude Include="Ranges.h" />
    <ClInclude Include="Metronome.h" />
    <ClInclude Include="Executor.h" />
    <ClInclude Include="Algorithms.h" />
    <ClInclude Include="Format.h" />
    <ClInclude Include="Finally.h" />
    <ClInclude Include="Children.h" />
    <ClInclude Include="BestMoves.h" />
  </ItemGroup>
</Project>